{
  "name": "backend",
  "lockfileVersion": 3,
  "requires": true,
  "packages": {
    "": {
      "dependencies": {
        "backend": "file:../..",
        "helmet": "^8.1.0"
      }
    },
    "../..": {
      "version": "1.0.0",
      "license": "ISC",
      "dependencies": {
        "bcryptjs": "^3.0.2",
        "body-parser": "^1.20.2",
        "cheerio": "1.0.0-rc.12",
        "cors": "^2.8.5",
        "dotenv": "^16.4.5",
        "express": "^4.21.1",
        "jsonwebtoken": "^9.0.2",
        "mysql2": "^3.11.3",
        "node-cron": "^3.0.3",
        "node-mailjet": "^6.0.6",
        "puppeteer": "^24.16.2"
      },
      "engines": {
        "node": ">=20"
      }
    },
    "node_modules/backend": {
      "resolved": "../..",
      "link": true
    },
    "node_modules/helmet": {
      "version": "8.1.0",
      "resolved": "https://registry.npmjs.org/helmet/-/helmet-8.1.0.tgz",
      "integrity": "sha512-jOiHyAZsmnr8LqoPGmCjYAaiuWwjAPLgY8ZX2XrmHawt99/u1y6RgrZMTeoPfpUbV96HOalYgz1qzkRbw54Pmg==",
      "license": "MIT",
      "engines": {
        "node": ">=18.0.0"
      }
    }
  }
}
